{
  "nodes": {
    "flake-utils": {
      "locked": {
        "lastModified": 1648297722,
        "narHash": "sha256-W+qlPsiZd8F3XkzXOzAoR+mpFqzm3ekQkJNa+PIh1BQ=",
        "owner": "numtide",
        "repo": "flake-utils",
        "rev": "0f8662f1319ad6abf89b3380dd2722369fc51ade",
        "type": "github"
      },
      "original": {
        "owner": "numtide",
        "repo": "flake-utils",
        "type": "github"
      }
    },
    "flake-utils_2": {
      "locked": {
        "lastModified": 1644229661,
        "narHash": "sha256-1YdnJAsNy69bpcjuoKdOYQX0YxZBiCYZo4Twxerqv7k=",
        "owner": "numtide",
        "repo": "flake-utils",
        "rev": "3cecb5b042f7f209c56ffd8371b2711a290ec797",
        "type": "github"
      },
      "original": {
        "owner": "numtide",
        "repo": "flake-utils",
        "type": "github"
      }
    },
    "flake-utils_3": {
      "locked": {
        "lastModified": 1652557277,
        "narHash": "sha256-jSes9DaIVMdmwBB78KkFUVrlDzawmD62vrUg0GS2500=",
        "owner": "numtide",
        "repo": "flake-utils",
        "rev": "12806d31a381e7cd169a6bac35590e7b36dc5fe5",
        "type": "github"
      },
      "original": {
        "owner": "numtide",
        "repo": "flake-utils",
        "type": "github"
      }
    },
    "flake-utils_4": {
      "locked": {
        "lastModified": 1649676176,
        "narHash": "sha256-OWKJratjt2RW151VUlJPRALb7OU2S5s+f0vLj4o1bHM=",
        "owner": "numtide",
        "repo": "flake-utils",
        "rev": "a4b154ebbdc88c8498a5c7b01589addc9e9cb678",
        "type": "github"
      },
      "original": {
        "owner": "numtide",
        "repo": "flake-utils",
        "type": "github"
      }
    },
    "flake-utils_5": {
      "locked": {
        "lastModified": 1644229661,
        "narHash": "sha256-1YdnJAsNy69bpcjuoKdOYQX0YxZBiCYZo4Twxerqv7k=",
        "owner": "numtide",
        "repo": "flake-utils",
        "rev": "3cecb5b042f7f209c56ffd8371b2711a290ec797",
        "type": "github"
      },
      "original": {
        "owner": "numtide",
        "repo": "flake-utils",
        "type": "github"
      }
    },
    "home-manager": {
      "inputs": {
        "nixpkgs": [
          "nixpkgs"
        ]
      },
      "locked": {
        "lastModified": 1653518057,
        "narHash": "sha256-cam3Nfae5ADeEs6mRPzr0jXB7+DhyMIXz0/0Q13r/yk=",
        "owner": "nix-community",
        "repo": "home-manager",
        "rev": "64831f938bd413cefde0b0cf871febc494afaa4f",
        "type": "github"
      },
      "original": {
        "owner": "nix-community",
        "repo": "home-manager",
        "type": "github"
      }
    },
    "java-debug": {
      "flake": false,
      "locked": {
        "lastModified": 1648451204,
        "narHash": "sha256-tYc5UK/h2VipEtf+I4mAizqkqh1hGBNtQ+X6iCqgr5Y=",
        "owner": "microsoft",
        "repo": "java-debug",
        "rev": "625fe84cef4825a4b6b476d04383f5168e81708d",
        "type": "github"
      },
      "original": {
        "owner": "microsoft",
        "repo": "java-debug",
        "type": "github"
      }
    },
    "ltex-ls": {
      "flake": false,
      "locked": {
        "narHash": "sha256-FXcoeSfyGWJg2OKI1DuWhttF6UTSGWgJxRN4oTVUucQ=",
        "type": "tarball",
        "url": "https://github.com/valentjn/ltex-ls/releases/download/15.2.0/ltex-ls-15.2.0-linux-x64.tar.gz"
      },
      "original": {
        "type": "tarball",
        "url": "https://github.com/valentjn/ltex-ls/releases/download/15.2.0/ltex-ls-15.2.0-linux-x64.tar.gz"
      }
    },
    "neovim-flake": {
      "inputs": {
        "flake-utils": "flake-utils_2",
        "nixpkgs": [
          "neovim-luca",
          "nixpkgs"
        ]
      },
      "locked": {
        "dir": "contrib",
        "lastModified": 1649180046,
        "narHash": "sha256-4bk04X6XP5sx35sOHohLviTGqrARCEkhGe9ctZ4Dz7Y=",
        "owner": "neovim",
        "repo": "neovim",
        "rev": "402a71ff87baf6f68d9dae6f5faa2b49f2d9045f",
        "type": "github"
      },
      "original": {
        "dir": "contrib",
        "owner": "neovim",
        "repo": "neovim",
        "type": "github"
      }
    },
    "neovim-luca": {
      "inputs": {
        "flake-utils": "flake-utils",
        "java-debug": "java-debug",
        "ltex-ls": "ltex-ls",
        "neovim-flake": "neovim-flake",
        "nixpkgs": "nixpkgs",
        "plugin:LuaSnip": "plugin:LuaSnip",
        "plugin:auto-session": "plugin:auto-session",
        "plugin:barbar.nvim": "plugin:barbar.nvim",
        "plugin:cheatsheet.nvim": "plugin:cheatsheet.nvim",
        "plugin:cmp-buffer": "plugin:cmp-buffer",
        "plugin:cmp-nvim-lsp": "plugin:cmp-nvim-lsp",
        "plugin:cmp-path": "plugin:cmp-path",
        "plugin:cmp_luasnip": "plugin:cmp_luasnip",
        "plugin:conjure": "plugin:conjure",
        "plugin:copilot-cmp": "plugin:copilot-cmp",
        "plugin:copilot.lua": "plugin:copilot.lua",
        "plugin:delimitMate": "plugin:delimitMate",
        "plugin:focus.nvim": "plugin:focus.nvim",
        "plugin:fold-cycle.nvim": "plugin:fold-cycle.nvim",
        "plugin:friendly-snippets": "plugin:friendly-snippets",
        "plugin:gitsigns.nvim": "plugin:gitsigns.nvim",
        "plugin:indent-blankline.nvim": "plugin:indent-blankline.nvim",
        "plugin:lsp_signature.nvim": "plugin:lsp_signature.nvim",
        "plugin:marks.nvim": "plugin:marks.nvim",
        "plugin:nabla.nvim": "plugin:nabla.nvim",
        "plugin:neo-tree": "plugin:neo-tree",
        "plugin:neogen": "plugin:neogen",
        "plugin:neoscroll.nvim": "plugin:neoscroll.nvim",
        "plugin:nui.nvim": "plugin:nui.nvim",
        "plugin:nvim-cmp": "plugin:nvim-cmp",
        "plugin:nvim-code-action-menu": "plugin:nvim-code-action-menu",
        "plugin:nvim-colorizer.lua": "plugin:nvim-colorizer.lua",
        "plugin:nvim-jdtls": "plugin:nvim-jdtls",
        "plugin:nvim-keymap-amend": "plugin:nvim-keymap-amend",
        "plugin:nvim-lightbulb": "plugin:nvim-lightbulb",
        "plugin:nvim-lspconfig": "plugin:nvim-lspconfig",
        "plugin:nvim-notify": "plugin:nvim-notify",
        "plugin:nvim-treesitter": "plugin:nvim-treesitter",
        "plugin:nvim-ts-rainbow": "plugin:nvim-ts-rainbow",
        "plugin:nvim-web-devicons": "plugin:nvim-web-devicons",
        "plugin:onedark-vim": "plugin:onedark-vim",
        "plugin:plenary.nvim": "plugin:plenary.nvim",
        "plugin:popup.nvim": "plugin:popup.nvim",
        "plugin:pretty-fold.nvim": "plugin:pretty-fold.nvim",
        "plugin:symbols-outline.nvim": "plugin:symbols-outline.nvim",
        "plugin:tabular": "plugin:tabular",
        "plugin:telescope.nvim": "plugin:telescope.nvim",
        "plugin:todo-comments.nvim": "plugin:todo-comments.nvim",
        "plugin:twilight.nvim": "plugin:twilight.nvim",
        "plugin:vim-commentary": "plugin:vim-commentary",
        "plugin:vim-dispatch": "plugin:vim-dispatch",
        "plugin:vim-dispatch-neovim": "plugin:vim-dispatch-neovim",
        "plugin:vim-jack-in": "plugin:vim-jack-in",
        "plugin:vim-matchup": "plugin:vim-matchup",
        "plugin:vim-nix": "plugin:vim-nix",
        "plugin:vim-repeat": "plugin:vim-repeat",
        "plugin:vim-sage": "plugin:vim-sage",
        "plugin:vim-sexp": "plugin:vim-sexp",
        "plugin:vim-sexp-mappings-for-regular-people": "plugin:vim-sexp-mappings-for-regular-people",
        "plugin:vim-skeleton": "plugin:vim-skeleton",
        "plugin:vim-slime": "plugin:vim-slime",
        "plugin:vim-snippets": "plugin:vim-snippets",
        "plugin:vim-surround": "plugin:vim-surround",
        "plugin:vim-test": "plugin:vim-test",
        "plugin:vim-visual-multi": "plugin:vim-visual-multi",
        "plugin:vimspector": "plugin:vimspector",
        "plugin:which-key.nvim": "plugin:which-key.nvim",
        "runtime": "runtime",
        "snippets-java": "snippets-java",
        "snippets-shebang": "snippets-shebang"
      },
      "locked": {
        "lastModified": 1655032545,
        "narHash": "sha256-FkBHmpXGhC57z7pWzMROk4k1V7ijmtAk+kQH4a+Q7F0=",
        "owner": "Quoteme",
        "repo": "neovim-luca",
        "rev": "1bd430c403f948dad931590e915ca4cde04902f7",
        "type": "github"
      },
      "original": {
        "owner": "Quoteme",
        "repo": "neovim-luca",
        "type": "github"
      }
    },
    "nix-alien": {
      "inputs": {
        "flake-utils": "flake-utils_3",
        "nixpkgs": "nixpkgs_2",
        "poetry2nix": "poetry2nix"
      },
      "locked": {
        "lastModified": 1652791933,
        "narHash": "sha256-ACttLTSoZx09T7jXn1YfEgM0gMcfvMI3QkYJSKRMV3w=",
        "owner": "thiagokokada",
        "repo": "nix-alien",
        "rev": "faeda0a028eca556dec136631f2e905fd7a46bb7",
        "type": "github"
      },
      "original": {
        "owner": "thiagokokada",
        "repo": "nix-alien",
        "type": "github"
      }
    },
    "nix-autobahn": {
      "inputs": {
        "flake-utils": "flake-utils_4",
        "nixpkgs": "nixpkgs_3"
      },
      "locked": {
        "lastModified": 1650132562,
        "narHash": "sha256-h51KOeqabmr6Ug7Cj8mO/EyMo/0wiTb5R364ovh2dp0=",
        "owner": "Lassulus",
        "repo": "nix-autobahn",
        "rev": "9122088c5d58ca86b26ee4eda9ce6745f2c9555e",
        "type": "github"
      },
      "original": {
        "owner": "Lassulus",
        "repo": "nix-autobahn",
        "type": "github"
      }
    },
    "nixpkgs": {
      "locked": {
        "lastModified": 1648219316,
        "narHash": "sha256-Ctij+dOi0ZZIfX5eMhgwugfvB+WZSrvVNAyAuANOsnQ=",
        "owner": "nixos",
        "repo": "nixpkgs",
        "rev": "30d3d79b7d3607d56546dd2a6b49e156ba0ec634",
        "type": "github"
      },
      "original": {
        "owner": "nixos",
        "ref": "nixpkgs-unstable",
        "repo": "nixpkgs",
        "type": "github"
      }
    },
    "nixpkgs-unstable": {
      "locked": {
        "lastModified": 1653581809,
        "narHash": "sha256-Uvka0V5MTGbeOfWte25+tfRL3moECDh1VwokWSZUdoY=",
        "owner": "NixOS",
        "repo": "nixpkgs",
        "rev": "83658b28fe638a170a19b8933aa008b30640fbd1",
        "type": "github"
      },
      "original": {
        "id": "nixpkgs",
        "ref": "nixos-unstable",
        "type": "indirect"
      }
    },
    "nixpkgs_2": {
      "locked": {
        "lastModified": 1652541622,
        "narHash": "sha256-Z9BuUCS0IocoRahFvFDJNU5Q+xM5/lS8Ng4JJFH3+UU=",
        "owner": "NixOS",
        "repo": "nixpkgs",
        "rev": "f7a22851667ac89ac1863ede0d8c386fc6eb12a0",
        "type": "github"
      },
      "original": {
        "owner": "NixOS",
        "ref": "nixpkgs-unstable",
        "repo": "nixpkgs",
        "type": "github"
      }
    },
    "nixpkgs_3": {
      "locked": {
        "lastModified": 1649986882,
        "narHash": "sha256-cNsInUFq1MbuvaEmv8x6jetWnmAU+osMpnwKumtjksI=",
        "owner": "NixOS",
        "repo": "nixpkgs",
        "rev": "5181d5945eda382ff6a9ca3e072ed6ea9b547fee",
        "type": "github"
      },
      "original": {
        "id": "nixpkgs",
        "ref": "nixos-unstable",
        "type": "indirect"
      }
    },
    "nixpkgs_4": {
      "locked": {
        "lastModified": 1654758790,
        "narHash": "sha256-bXimktlkjL9s8ldMzMBslxEs80cjZDqrof1g8MbhmQI=",
        "owner": "NixOS",
        "repo": "nixpkgs",
        "rev": "e5556c75ac012ee6e03f39a56c1c51b0f7d658c2",
        "type": "github"
      },
      "original": {
        "id": "nixpkgs",
        "ref": "nixos-22.05",
        "type": "indirect"
      }
    },
    "nixpkgs_5": {
      "locked": {
        "lastModified": 1648219316,
        "narHash": "sha256-Ctij+dOi0ZZIfX5eMhgwugfvB+WZSrvVNAyAuANOsnQ=",
        "owner": "nixos",
        "repo": "nixpkgs",
        "rev": "30d3d79b7d3607d56546dd2a6b49e156ba0ec634",
        "type": "github"
      },
      "original": {
        "owner": "nixos",
        "ref": "nixpkgs-unstable",
        "repo": "nixpkgs",
        "type": "github"
      }
    },
    "plugin:LuaSnip": {
      "flake": false,
      "locked": {
        "lastModified": 1649161648,
        "narHash": "sha256-aEkDqez8xUpikaq+LI7Rmx+xk24wmlGmibnDKSk3SLY=",
        "owner": "L3MON4D3",
        "repo": "LuaSnip",
        "rev": "69cb81cf7490666890545fef905d31a414edc15b",
        "type": "github"
      },
      "original": {
        "owner": "L3MON4D3",
        "repo": "LuaSnip",
        "type": "github"
      }
    },
    "plugin:auto-session": {
      "flake": false,
      "locked": {
        "lastModified": 1647320283,
        "narHash": "sha256-5TW0kMXkyAYkhoJPcISQOYje97FxS8N0/zAwnX3mNwk=",
        "owner": "rmagatti",
        "repo": "auto-session",
        "rev": "ba1606202588a1d4cc68360d6ef9549f0fc464a1",
        "type": "github"
      },
      "original": {
        "owner": "rmagatti",
        "repo": "auto-session",
        "type": "github"
      }
    },
    "plugin:barbar.nvim": {
      "flake": false,
      "locked": {
        "lastModified": 1645501652,
        "narHash": "sha256-ojPwlBNLKHbz93LfyXhvQHvphsXkmyS19k1CyLN0rpg=",
        "owner": "romgrk",
        "repo": "barbar.nvim",
        "rev": "be65945626fb6bf6058cae61d5176d156f923c11",
        "type": "github"
      },
      "original": {
        "owner": "romgrk",
        "repo": "barbar.nvim",
        "type": "github"
      }
    },
    "plugin:cheatsheet.nvim": {
      "flake": false,
      "locked": {
        "lastModified": 1640255456,
        "narHash": "sha256-TYkGB7cON2t4GwMaR9H1MDG2j3btBv2AR37ade8kqTY=",
        "owner": "sudormrfbin",
        "repo": "cheatsheet.nvim",
        "rev": "9716f9aaa94dd1fd6ce59b5aae0e5f25e2a463ef",
        "type": "github"
      },
      "original": {
        "owner": "sudormrfbin",
        "repo": "cheatsheet.nvim",
        "type": "github"
      }
    },
    "plugin:cmp-buffer": {
      "flake": false,
      "locked": {
        "lastModified": 1645413199,
        "narHash": "sha256-itDEtoRvZn1mtLhT9WtqKVXoMRe5Qw0/QUf+TFzGNVk=",
        "owner": "hrsh7th",
        "repo": "cmp-buffer",
        "rev": "d66c4c2d376e5be99db68d2362cd94d250987525",
        "type": "github"
      },
      "original": {
        "owner": "hrsh7th",
        "repo": "cmp-buffer",
        "type": "github"
      }
    },
    "plugin:cmp-nvim-lsp": {
      "flake": false,
      "locked": {
        "lastModified": 1642242623,
        "narHash": "sha256-itlKrCBo8wMNBCknW+7INOyVmwbcwmkGLzpc2lvvqk4=",
        "owner": "hrsh7th",
        "repo": "cmp-nvim-lsp",
        "rev": "ebdfc204afb87f15ce3d3d3f5df0b8181443b5ba",
        "type": "github"
      },
      "original": {
        "owner": "hrsh7th",
        "repo": "cmp-nvim-lsp",
        "type": "github"
      }
    },
    "plugin:cmp-path": {
      "flake": false,
      "locked": {
        "lastModified": 1643823794,
        "narHash": "sha256-xYzTpqVKpBBnajqqRRzAXlHAC13VGK1D9mFr3bntepY=",
        "owner": "hrsh7th",
        "repo": "cmp-path",
        "rev": "466b6b8270f7ba89abd59f402c73f63c7331ff6e",
        "type": "github"
      },
      "original": {
        "owner": "hrsh7th",
        "repo": "cmp-path",
        "type": "github"
      }
    },
    "plugin:cmp_luasnip": {
      "flake": false,
      "locked": {
        "lastModified": 1648846007,
        "narHash": "sha256-1JiDa7fK9AEMUxLOFD3SSsxKEVLfd5xR8vfUlLRqz+M=",
        "owner": "saadparwaiz1",
        "repo": "cmp_luasnip",
        "rev": "b10829736542e7cc9291e60bab134df1273165c9",
        "type": "github"
      },
      "original": {
        "owner": "saadparwaiz1",
        "repo": "cmp_luasnip",
        "type": "github"
      }
    },
    "plugin:conjure": {
      "flake": false,
      "locked": {
        "lastModified": 1648464396,
        "narHash": "sha256-7MFksurTmp72TgSTrQW0DI3FjGmZJbAGmzwiLNzv2JY=",
        "owner": "Olical",
        "repo": "conjure",
        "rev": "0c85b2ecce542ce8ee336bf01f433950cf51f31e",
        "type": "github"
      },
      "original": {
        "owner": "Olical",
        "repo": "conjure",
        "type": "github"
      }
    },
    "plugin:copilot-cmp": {
      "flake": false,
      "locked": {
        "lastModified": 1649115857,
        "narHash": "sha256-VWez2sxFh1SRrjs5Fkp7getid4Em72qoGEf7Y1c90o8=",
        "owner": "zbirenbaum",
        "repo": "copilot-cmp",
        "rev": "d154f1dc2f2d9e245a970e4fc18d0cf076225839",
        "type": "github"
      },
      "original": {
        "owner": "zbirenbaum",
        "repo": "copilot-cmp",
        "type": "github"
      }
    },
    "plugin:copilot.lua": {
      "flake": false,
      "locked": {
        "lastModified": 1649185163,
        "narHash": "sha256-/rb0AzZc6WU8xRhjq24asBqzZUCrlyBmYnXjIjXjSp8=",
        "owner": "zbirenbaum",
        "repo": "copilot.lua",
        "rev": "4118686edee1afb9e5b96ef13d77608e1324a595",
        "type": "github"
      },
      "original": {
        "owner": "zbirenbaum",
        "repo": "copilot.lua",
        "type": "github"
      }
    },
    "plugin:delimitMate": {
      "flake": false,
      "locked": {
        "lastModified": 1607919168,
        "narHash": "sha256-Ur3z7De7dLDgUc8z+2Q3X+GNMaSjueIt7ub+0lcIWm4=",
        "owner": "Raimondi",
        "repo": "delimitMate",
        "rev": "537a1da0fa5eeb88640425c37e545af933c56e1b",
        "type": "github"
      },
      "original": {
        "owner": "Raimondi",
        "repo": "delimitMate",
        "type": "github"
      }
    },
    "plugin:focus.nvim": {
      "flake": false,
      "locked": {
        "lastModified": 1646798528,
        "narHash": "sha256-PYuy7OF+ZhSyXWInRBtfH4nvECU22BqvNLn553kvzUI=",
        "owner": "beauwilliams",
        "repo": "focus.nvim",
        "rev": "86d036649ab8d00ac8fdca750533a541b892e4fb",
        "type": "github"
      },
      "original": {
        "owner": "beauwilliams",
        "repo": "focus.nvim",
        "type": "github"
      }
    },
    "plugin:fold-cycle.nvim": {
      "flake": false,
      "locked": {
        "lastModified": 1649431119,
        "narHash": "sha256-zvL150gc7ydCXh1NqeGrqTxOn2v9GtwnGVHdrrlUmys=",
        "owner": "jghauser",
        "repo": "fold-cycle.nvim",
        "rev": "b7318950451f9ccccfd742cb5d77bab027f0ed7d",
        "type": "github"
      },
      "original": {
        "owner": "jghauser",
        "repo": "fold-cycle.nvim",
        "type": "github"
      }
    },
    "plugin:friendly-snippets": {
      "flake": false,
      "locked": {
        "lastModified": 1648395204,
        "narHash": "sha256-GYiYQA7y4B9It/24sLqGeCl0I28GBxD40Jg4bs6ZQpc=",
        "owner": "rafamadriz",
        "repo": "friendly-snippets",
        "rev": "e302658e765cf20e6af5a1be8cc07a996d6ee2cc",
        "type": "github"
      },
      "original": {
        "owner": "rafamadriz",
        "repo": "friendly-snippets",
        "type": "github"
      }
    },
    "plugin:gitsigns.nvim": {
      "flake": false,
      "locked": {
        "lastModified": 1651499761,
        "narHash": "sha256-d8aL/IRfeOh+PeInmJmuA+cMYMTST0fcrZOMOx+O2t8=",
        "owner": "lewis6991",
        "repo": "gitsigns.nvim",
        "rev": "ef153188e849bd317c00448755bc4182a2bd495d",
        "type": "github"
      },
      "original": {
        "owner": "lewis6991",
        "repo": "gitsigns.nvim",
        "type": "github"
      }
    },
    "plugin:indent-blankline.nvim": {
      "flake": false,
      "locked": {
        "lastModified": 1648432344,
        "narHash": "sha256-HZVbLOZ/eKt2bp0QtNg25szuV2/yw3ZiCRwlKU6zmJc=",
        "owner": "lukas-reineke",
        "repo": "indent-blankline.nvim",
        "rev": "9920ceb79bffd0e6b7064be63439e38da0741d03",
        "type": "github"
      },
      "original": {
        "owner": "lukas-reineke",
        "repo": "indent-blankline.nvim",
        "type": "github"
      }
    },
    "plugin:lsp_signature.nvim": {
      "flake": false,
      "locked": {
        "lastModified": 1652089114,
        "narHash": "sha256-7UgikA6MKTQPDmfIHVVg8REPxlFCjVU5qO2tA9ORm+s=",
        "owner": "ray-x",
        "repo": "lsp_signature.nvim",
        "rev": "db324e2ada5bb795d0016ec0ef2b4ae7f11d8904",
        "type": "github"
      },
      "original": {
        "owner": "ray-x",
        "repo": "lsp_signature.nvim",
        "type": "github"
      }
    },
    "plugin:marks.nvim": {
      "flake": false,
      "locked": {
        "lastModified": 1649002913,
        "narHash": "sha256-zBGPw/XQPA3ddMcmjaVLsOEhdbeIvzM4jINgnmUvUC0=",
        "owner": "chentau",
        "repo": "marks.nvim",
        "rev": "8e80a20a170434bc77decc97bc4364c3ba848925",
        "type": "github"
      },
      "original": {
        "owner": "chentau",
        "repo": "marks.nvim",
        "type": "github"
      }
    },
    "plugin:nabla.nvim": {
      "flake": false,
      "locked": {
        "lastModified": 1648974601,
        "narHash": "sha256-aieNZ19n8CGJGaNCBuBLN/u1trIQhiYhLAchZvrjBzA=",
        "owner": "jbyuki",
        "repo": "nabla.nvim",
        "rev": "b006abfa36618d6d0df032b01e294972db2c7334",
        "type": "github"
      },
      "original": {
        "owner": "jbyuki",
        "repo": "nabla.nvim",
        "type": "github"
      }
    },
    "plugin:neo-tree": {
      "flake": false,
      "locked": {
        "lastModified": 1651416351,
        "narHash": "sha256-UbnEVgDWf23xskIqgXrz/hUdtzv0mglicSW/uuCAHF8=",
        "owner": "nvim-neo-tree",
        "repo": "neo-tree.nvim",
        "rev": "596881126091afdc9ddf4bc01e3caf5b1ea38d7f",
        "type": "github"
      },
      "original": {
        "owner": "nvim-neo-tree",
        "repo": "neo-tree.nvim",
        "type": "github"
      }
    },
    "plugin:neogen": {
      "flake": false,
      "locked": {
        "lastModified": 1648827423,
        "narHash": "sha256-x2jpJ49G6fJhwE2I2FA4wZy/moZokvApJhzUav+fzqA=",
        "owner": "danymat",
        "repo": "neogen",
        "rev": "f249a70ee598bdf8d015c10536c0dcd97c79b3aa",
        "type": "github"
      },
      "original": {
        "owner": "danymat",
        "repo": "neogen",
        "type": "github"
      }
    },
    "plugin:neoscroll.nvim": {
      "flake": false,
      "locked": {
        "lastModified": 1642114705,
        "narHash": "sha256-0OaoqN9kmS2AAEKM+cfzLjPwgD0j5P+bmBlblmsbkvU=",
        "owner": "karb94",
        "repo": "neoscroll.nvim",
        "rev": "07242b9c29eed0367cb305d41851b2e04de9052e",
        "type": "github"
      },
      "original": {
        "owner": "karb94",
        "repo": "neoscroll.nvim",
        "type": "github"
      }
    },
    "plugin:nui.nvim": {
      "flake": false,
      "locked": {
        "lastModified": 1649443132,
        "narHash": "sha256-YWotqv+oqvKSDXu7TrlGrHdNBfr740Ccc2LPvH3C8T0=",
        "owner": "MunifTanjim",
        "repo": "nui.nvim",
        "rev": "42552b3797c3452c5c94e0c84a04fbda9591b9d1",
        "type": "github"
      },
      "original": {
        "owner": "MunifTanjim",
        "repo": "nui.nvim",
        "type": "github"
      }
    },
    "plugin:nvim-cmp": {
      "flake": false,
      "locked": {
        "lastModified": 1648830769,
        "narHash": "sha256-7qsLuko9Jeipqv30y2brTFjzFnZSXaMSHShgY08Nv2w=",
        "owner": "hrsh7th",
        "repo": "nvim-cmp",
        "rev": "7dbe34e36d9de4912a5f3aa5279540445765814c",
        "type": "github"
      },
      "original": {
        "owner": "hrsh7th",
        "repo": "nvim-cmp",
        "type": "github"
      }
    },
    "plugin:nvim-code-action-menu": {
      "flake": false,
      "locked": {
        "lastModified": 1647509555,
        "narHash": "sha256-fD9luuZe5mVkJTTtngH0jnwtqljhSZp0OFobBa4uqZI=",
        "owner": "weilbith",
        "repo": "nvim-code-action-menu",
        "rev": "a864a79c8e024d4f5d95915210188c9c3430b160",
        "type": "github"
      },
      "original": {
        "owner": "weilbith",
        "repo": "nvim-code-action-menu",
        "type": "github"
      }
    },
    "plugin:nvim-colorizer.lua": {
      "flake": false,
      "locked": {
        "lastModified": 1591879145,
        "narHash": "sha256-6YrnItxExL2C8pNIdLd+hXCjsB2MbZANwWkah6dreD8=",
        "owner": "norcalli",
        "repo": "nvim-colorizer.lua",
        "rev": "36c610a9717cc9ec426a07c8e6bf3b3abcb139d6",
        "type": "github"
      },
      "original": {
        "owner": "norcalli",
        "repo": "nvim-colorizer.lua",
        "type": "github"
      }
    },
    "plugin:nvim-jdtls": {
      "flake": false,
      "locked": {
        "lastModified": 1649947669,
        "narHash": "sha256-/RhK9qoI5vKvuJEVc46xT8QwhuBeh443NZx/ZFmLluY=",
        "owner": "mfussenegger",
        "repo": "nvim-jdtls",
        "rev": "ffb08466d51f717775d85e7e334ac83156c0ca98",
        "type": "github"
      },
      "original": {
        "owner": "mfussenegger",
        "repo": "nvim-jdtls",
        "type": "github"
      }
    },
    "plugin:nvim-keymap-amend": {
      "flake": false,
      "locked": {
        "lastModified": 1651393609,
        "narHash": "sha256-xY8O4Gf+i1Yw1qOuTZFokPSKiUBnfbTiliTiKAxjnK4=",
        "owner": "anuvyklack",
        "repo": "nvim-keymap-amend",
        "rev": "3b4903cefa2ec85250158975b3a7270522968e79",
        "type": "github"
      },
      "original": {
        "owner": "anuvyklack",
        "repo": "nvim-keymap-amend",
        "type": "github"
      }
    },
    "plugin:nvim-lightbulb": {
      "flake": false,
      "locked": {
        "lastModified": 1651509867,
        "narHash": "sha256-aSaOrgVNnhTq1T2afrDwmZdyqdF5zrer3fW7kHDVc8g=",
        "owner": "kosayoda",
        "repo": "nvim-lightbulb",
        "rev": "407f05c71f757f09f775229d5709a3592f1a6910",
        "type": "github"
      },
      "original": {
        "owner": "kosayoda",
        "repo": "nvim-lightbulb",
        "type": "github"
      }
    },
    "plugin:nvim-lspconfig": {
      "flake": false,
      "locked": {
        "lastModified": 1648480371,
        "narHash": "sha256-If8vjLISzCC6qo7iorhgrX5fC6Q/p+a8qvUbrvaA4BA=",
        "owner": "neovim",
        "repo": "nvim-lspconfig",
        "rev": "3d1baa811b351078e5711be1a1158e33b074be9e",
        "type": "github"
      },
      "original": {
        "owner": "neovim",
        "repo": "nvim-lspconfig",
        "type": "github"
      }
    },
    "plugin:nvim-notify": {
      "flake": false,
      "locked": {
        "lastModified": 1647766037,
        "narHash": "sha256-Csbe54tl808Fa8SRdJzzYIgEoYqKtuqPc8yCE0xl2Vc=",
        "owner": "rcarriga",
        "repo": "nvim-notify",
        "rev": "da1030208347ad8937fdad1d4f8092b578e3ea2f",
        "type": "github"
      },
      "original": {
        "owner": "rcarriga",
        "repo": "nvim-notify",
        "type": "github"
      }
    },
    "plugin:nvim-treesitter": {
      "flake": false,
      "locked": {
        "lastModified": 1649143663,
        "narHash": "sha256-SNGb25nlcR/zWnAv8Q+vLBMzaJpVPPdJ8txCkf+aD34=",
        "owner": "nvim-treesitter",
        "repo": "nvim-treesitter",
        "rev": "f083b7bbfe9480df00a45ab5a0978cb2586dddf2",
        "type": "github"
      },
      "original": {
        "owner": "nvim-treesitter",
        "repo": "nvim-treesitter",
        "type": "github"
      }
    },
    "plugin:nvim-ts-rainbow": {
      "flake": false,
      "locked": {
        "lastModified": 1648928541,
        "narHash": "sha256-/qKBx3P115rk0kbvwdYXriGplNtD88cUJVGS3itFu+Y=",
        "owner": "p00f",
        "repo": "nvim-ts-rainbow",
        "rev": "dee11b86ae2419e3f7484197c597a0e634a37a56",
        "type": "github"
      },
      "original": {
        "owner": "p00f",
        "repo": "nvim-ts-rainbow",
        "type": "github"
      }
    },
    "plugin:nvim-web-devicons": {
      "flake": false,
      "locked": {
        "lastModified": 1647975972,
        "narHash": "sha256-mOvTXbJ2uQseNuQfdTrUuFHWRg2ia9yXld+4WiBVxDg=",
        "owner": "kyazdani42",
        "repo": "nvim-web-devicons",
        "rev": "09e62319974d7d7ec7e53b974724f7942470ef78",
        "type": "github"
      },
      "original": {
        "owner": "kyazdani42",
        "repo": "nvim-web-devicons",
        "type": "github"
      }
    },
    "plugin:onedark-vim": {
      "flake": false,
      "locked": {
        "lastModified": 1648166134,
        "narHash": "sha256-HdeZkzWcfIh5egXnGTatCfofOv29R7O548APJFf1tks=",
        "owner": "joshdick",
        "repo": "onedark.vim",
        "rev": "7db2ed5b825a311d0f6d12694d4738cf60106dc8",
        "type": "github"
      },
      "original": {
        "owner": "joshdick",
        "repo": "onedark.vim",
        "type": "github"
      }
    },
    "plugin:plenary.nvim": {
      "flake": false,
      "locked": {
        "lastModified": 1648990022,
        "narHash": "sha256-Et8nlHtHhBBnvogSzH7FZFhUYUd6CWSh2RBUZA8m8c0=",
        "owner": "nvim-lua",
        "repo": "plenary.nvim",
        "rev": "f9c65cd76ffa76a0818923c6bce5771687dfe64c",
        "type": "github"
      },
      "original": {
        "owner": "nvim-lua",
        "repo": "plenary.nvim",
        "type": "github"
      }
    },
    "plugin:popup.nvim": {
      "flake": false,
      "locked": {
        "lastModified": 1637254091,
        "narHash": "sha256-dNWz/xovUg55fDZUpVs/2kLphk3lqQyvPtc9ATwbeSQ=",
        "owner": "nvim-lua",
        "repo": "popup.nvim",
        "rev": "b7404d35d5d3548a82149238289fa71f7f6de4ac",
        "type": "github"
      },
      "original": {
        "owner": "nvim-lua",
        "repo": "popup.nvim",
        "type": "github"
      }
    },
    "plugin:pretty-fold.nvim": {
      "flake": false,
      "locked": {
        "lastModified": 1651369514,
        "narHash": "sha256-GhPSqkCHToZazJv8hDNGfhN8NZyRvplNv0ZKNEnC7FU=",
        "owner": "anuvyklack",
        "repo": "pretty-fold.nvim",
        "rev": "e6385d62eec67fdc8a21700b42a701d0d6fb8b32",
        "type": "github"
      },
      "original": {
        "owner": "anuvyklack",
        "repo": "pretty-fold.nvim",
        "type": "github"
      }
    },
    "plugin:symbols-outline.nvim": {
      "flake": false,
      "locked": {
        "lastModified": 1651371938,
        "narHash": "sha256-kYv6GZq8EVkuH266e26e4/HDoiYP0Du75CQgDsXqFJw=",
        "owner": "simrat39",
        "repo": "symbols-outline.nvim",
        "rev": "15ae99c27360ab42e931be127d130611375307d5",
        "type": "github"
      },
      "original": {
        "owner": "simrat39",
        "repo": "symbols-outline.nvim",
        "type": "github"
      }
    },
    "plugin:tabular": {
      "flake": false,
      "locked": {
        "lastModified": 1550598128,
        "narHash": "sha256-irolBA/m3YIaezl+90h5G+xUOpad+3u44uJqDs4JCUs=",
        "owner": "godlygeek",
        "repo": "tabular",
        "rev": "339091ac4dd1f17e225fe7d57b48aff55f99b23a",
        "type": "github"
      },
      "original": {
        "owner": "godlygeek",
        "repo": "tabular",
        "type": "github"
      }
    },
    "plugin:telescope.nvim": {
      "flake": false,
      "locked": {
        "lastModified": 1648985613,
        "narHash": "sha256-iinltnvBuJMf8tgAF/9UIkFaEwx/d2lFJ0oSSuUwm2I=",
        "owner": "nvim-telescope",
        "repo": "telescope.nvim",
        "rev": "6e7ee3829225d5c97c1ebfff686050142ffe5867",
        "type": "github"
      },
      "original": {
        "owner": "nvim-telescope",
        "repo": "telescope.nvim",
        "type": "github"
      }
    },
    "plugin:todo-comments.nvim": {
      "flake": false,
      "locked": {
        "lastModified": 1642601933,
        "narHash": "sha256-8uj5TxO9XZlSCB4lVRbKRc1IlUEKcBf/4bDviwuxEgs=",
        "owner": "folke",
        "repo": "todo-comments.nvim",
        "rev": "98b1ebf198836bdc226c0562b9f906584e6c400e",
        "type": "github"
      },
      "original": {
        "owner": "folke",
        "repo": "todo-comments.nvim",
        "type": "github"
      }
    },
    "plugin:twilight.nvim": {
      "flake": false,
      "locked": {
        "lastModified": 1628233454,
        "narHash": "sha256-Ur60/uvBmYV9w0YETPXK3bYK99FtHqCVXWP6UagoBzo=",
        "owner": "folke",
        "repo": "twilight.nvim",
        "rev": "8ab43c0fdc246fdd82382d7ef4ec383f8f755ef9",
        "type": "github"
      },
      "original": {
        "owner": "folke",
        "repo": "twilight.nvim",
        "type": "github"
      }
    },
    "plugin:vim-commentary": {
      "flake": false,
      "locked": {
        "lastModified": 1648390923,
        "narHash": "sha256-NxrkDM25pQ63ZRbA0l5AHxaWBSn4o2eaK7uNDzIqOyY=",
        "owner": "tpope",
        "repo": "vim-commentary",
        "rev": "3654775824337f466109f00eaf6759760f65be34",
        "type": "github"
      },
      "original": {
        "owner": "tpope",
        "repo": "vim-commentary",
        "type": "github"
      }
    },
    "plugin:vim-dispatch": {
      "flake": false,
      "locked": {
        "lastModified": 1642184656,
        "narHash": "sha256-3DAzEMyH/N0DxkFbtBCiCNva+NZjpoKBfj82+DxFzcY=",
        "owner": "tpope",
        "repo": "vim-dispatch",
        "rev": "00e77d90452e3c710014b26dc61ea919bc895e92",
        "type": "github"
      },
      "original": {
        "owner": "tpope",
        "repo": "vim-dispatch",
        "type": "github"
      }
    },
    "plugin:vim-dispatch-neovim": {
      "flake": false,
      "locked": {
        "lastModified": 1484768105,
        "narHash": "sha256-tPalsGkfR99k467wu6PHkukRF3cAdgCEvNOmTY8bNoQ=",
        "owner": "radenling",
        "repo": "vim-dispatch-neovim",
        "rev": "c8c4e21a95c25032a041002f9bf6e45a75a73021",
        "type": "github"
      },
      "original": {
        "owner": "radenling",
        "repo": "vim-dispatch-neovim",
        "type": "github"
      }
    },
    "plugin:vim-jack-in": {
      "flake": false,
      "locked": {
        "lastModified": 1649018030,
        "narHash": "sha256-7a+e7qayXp52KPsR02FMCtn2YAM7hC6h2SOdhmg6I/I=",
        "owner": "clojure-vim",
        "repo": "vim-jack-in",
        "rev": "5467e00e26f15680b0a7998f8aa20d5a7dd44cd5",
        "type": "github"
      },
      "original": {
        "owner": "clojure-vim",
        "repo": "vim-jack-in",
        "type": "github"
      }
    },
    "plugin:vim-matchup": {
      "flake": false,
      "locked": {
        "lastModified": 1645154316,
        "narHash": "sha256-94MxL1tajiKfgA8gpu2cO3jQmRj64Kg80efzlgHfMhg=",
        "owner": "andymass",
        "repo": "vim-matchup",
        "rev": "7fd8806138f404498db7a3e848d8fa55ad61e7cf",
        "type": "github"
      },
      "original": {
        "owner": "andymass",
        "repo": "vim-matchup",
        "type": "github"
      }
    },
    "plugin:vim-nix": {
      "flake": false,
      "locked": {
        "lastModified": 1622231877,
        "narHash": "sha256-wQzNXfE7JFalgiCQ2ksPAUyFKacmJV7mNKmKDe9jySI=",
        "owner": "LnL7",
        "repo": "vim-nix",
        "rev": "63b47b39c8d481ebca3092822ca8972e08df769b",
        "type": "github"
      },
      "original": {
        "owner": "LnL7",
        "repo": "vim-nix",
        "type": "github"
      }
    },
    "plugin:vim-repeat": {
      "flake": false,
      "locked": {
        "lastModified": 1611544268,
        "narHash": "sha256-8rfZa3uKXB3TRCqaDHZ6DfzNbm7WaYnLvmTNzYtnKHg=",
        "owner": "tpope",
        "repo": "vim-repeat",
        "rev": "24afe922e6a05891756ecf331f39a1f6743d3d5a",
        "type": "github"
      },
      "original": {
        "owner": "tpope",
        "repo": "vim-repeat",
        "type": "github"
      }
    },
    "plugin:vim-sage": {
      "flake": false,
      "locked": {
        "lastModified": 1630303902,
        "narHash": "sha256-rXxLP09u2t21P/q3yAeZUglIns0Yc7SGKLQ/RxDrNqs=",
        "owner": "petRUShka",
        "repo": "vim-sage",
        "rev": "702b29ea80f063f6c9080fefa4132226ea0ad664",
        "type": "github"
      },
      "original": {
        "owner": "petRUShka",
        "repo": "vim-sage",
        "type": "github"
      }
    },
    "plugin:vim-sexp": {
      "flake": false,
      "locked": {
        "lastModified": 1615186630,
        "narHash": "sha256-HRNzyh3M6KrPyoRmPNug3Qldc5hRim3out4vKG/PM40=",
        "owner": "guns",
        "repo": "vim-sexp",
        "rev": "14464d4580af43424ed8f2614d94e62bfa40bb4d",
        "type": "github"
      },
      "original": {
        "owner": "guns",
        "repo": "vim-sexp",
        "type": "github"
      }
    },
    "plugin:vim-sexp-mappings-for-regular-people": {
      "flake": false,
      "locked": {
        "lastModified": 1579154827,
        "narHash": "sha256-sq5TkBU9HfBWNyQ+6LfmlyeTw6Wi5+C4wMvCRBXXVFU=",
        "owner": "tpope",
        "repo": "vim-sexp-mappings-for-regular-people",
        "rev": "7c3de2f13422fb4b62b4c34a660532c7b3d240c7",
        "type": "github"
      },
      "original": {
        "owner": "tpope",
        "repo": "vim-sexp-mappings-for-regular-people",
        "type": "github"
      }
    },
    "plugin:vim-skeleton": {
      "flake": false,
      "locked": {
        "lastModified": 1599568154,
        "narHash": "sha256-ZYcujG2nKMNGU+/SVkNZmgWmTKi9L4Y3HZdjv8PXBKk=",
        "owner": "noahfrederick",
        "repo": "vim-skeleton",
        "rev": "aba9eb0f752986a98063908877289a50a7063d0e",
        "type": "github"
      },
      "original": {
        "owner": "noahfrederick",
        "repo": "vim-skeleton",
        "type": "github"
      }
    },
    "plugin:vim-slime": {
      "flake": false,
      "locked": {
        "lastModified": 1642101051,
        "narHash": "sha256-fXKwXSB1a40b9rNVg75zNptRcyPs8k6lA4Dscsb4VN0=",
        "owner": "jpalardy",
        "repo": "vim-slime",
        "rev": "0ea9b35882155996171fd15a5227e673ce2d2c60",
        "type": "github"
      },
      "original": {
        "owner": "jpalardy",
        "repo": "vim-slime",
        "type": "github"
      }
    },
    "plugin:vim-snippets": {
      "flake": false,
      "locked": {
        "lastModified": 1650101494,
        "narHash": "sha256-S96jg/a66bqgF7CFxdeAqVj6X/ScVwU+XMKHC7OzDvI=",
        "owner": "honza",
        "repo": "vim-snippets",
        "rev": "a0f550c77ac4c815ee6ab42a1d88bf2ba905ad67",
        "type": "github"
      },
      "original": {
        "owner": "honza",
        "repo": "vim-snippets",
        "type": "github"
      }
    },
    "plugin:vim-surround": {
      "flake": false,
      "locked": {
        "lastModified": 1648239196,
        "narHash": "sha256-e8y3vtUcnFhRTmjj23gbxG0NK/fhvZ0ozZbSvF/GDEY=",
        "owner": "tpope",
        "repo": "vim-surround",
        "rev": "9857a874632d1b983a7f4b1c85e3d15990c8b101",
        "type": "github"
      },
      "original": {
        "owner": "tpope",
        "repo": "vim-surround",
        "type": "github"
      }
    },
    "plugin:vim-test": {
      "flake": false,
      "locked": {
        "lastModified": 1649241069,
        "narHash": "sha256-T+1Dlm+mtMTtmuINCxcUTZHfniEaGEYM1r1Xu0oaFos=",
        "owner": "vim-test",
        "repo": "vim-test",
        "rev": "2240d7a4b868cb594b7d83544e1b6db4df806e5e",
        "type": "github"
      },
      "original": {
        "owner": "vim-test",
        "repo": "vim-test",
        "type": "github"
      }
    },
    "plugin:vim-visual-multi": {
      "flake": false,
      "locked": {
        "lastModified": 1648199444,
        "narHash": "sha256-9v1ZyKOwEJWz3092p5dikIOxQr5b3OCX/KxdMuR7sow=",
        "owner": "mg979",
        "repo": "vim-visual-multi",
        "rev": "4fcd3797e380f2e4c8ea8be31ec6469e6f86f971",
        "type": "github"
      },
      "original": {
        "owner": "mg979",
        "repo": "vim-visual-multi",
        "type": "github"
      }
    },
    "plugin:vimspector": {
      "flake": false,
      "locked": {
        "lastModified": 1652935997,
        "narHash": "sha256-Ft96juwy2Tv6htazvYscWl+HLp1iueBtaJb0CTzDARQ=",
        "owner": "puremourning",
        "repo": "vimspector",
        "rev": "4e03d5ea5c2d7efb8d1f5e73dcc917ad53b0bfb9",
        "type": "github"
      },
      "original": {
        "owner": "puremourning",
        "repo": "vimspector",
        "type": "github"
      }
    },
    "plugin:which-key.nvim": {
      "flake": false,
      "locked": {
        "lastModified": 1647590687,
        "narHash": "sha256-KvzS9Lzkw09s0TRmHLN/CLjXvietGJzI06W7WNChcwI=",
        "owner": "folke",
        "repo": "which-key.nvim",
        "rev": "a3c19ec5754debb7bf38a8404e36a9287b282430",
        "type": "github"
      },
      "original": {
        "owner": "folke",
        "repo": "which-key.nvim",
        "type": "github"
      }
    },
    "poetry2nix": {
      "inputs": {
        "flake-utils": [
          "nix-alien",
          "flake-utils"
        ],
        "nixpkgs": [
          "nix-alien",
          "nixpkgs"
        ]
      },
      "locked": {
        "lastModified": 1652507075,
        "narHash": "sha256-K/f4DlYLWO+XGskE+OSIPDCkiWUAvOpDVyOL9D+VCUc=",
        "owner": "nix-community",
        "repo": "poetry2nix",
        "rev": "88ffae91c605aaafc2797f4096ca9f065152796a",
        "type": "github"
      },
      "original": {
        "owner": "nix-community",
        "repo": "poetry2nix",
        "type": "github"
      }
    },
    "root": {
      "inputs": {
        "home-manager": "home-manager",
        "neovim-luca": "neovim-luca",
        "nix-alien": "nix-alien",
        "nix-autobahn": "nix-autobahn",
        "nixpkgs": "nixpkgs_4",
        "nixpkgs-unstable": "nixpkgs-unstable",
        "st-nix": "st-nix"
      }
    },
    "runtime": {
      "flake": false,
      "locked": {
        "lastModified": 1,
        "narHash": "sha256-YkZ1v4eOVfTcoRj02v4rxiSWvel9VI7cMwPYzhTAq3A=",
        "path": "./runtime/",
        "type": "path"
      },
      "original": {
        "path": "./runtime/",
        "type": "path"
      }
    },
    "snippets-java": {
      "flake": false,
      "locked": {
        "lastModified": 1456672155,
        "narHash": "sha256-hzqmb1uhX/DTS43cUxkPhAUjMbcf/IZoZ/pVhLsYYmA=",
        "owner": "tushortz",
        "repo": "vscode-Java-Snippets",
        "rev": "8f37f1fc290c3d375872491a0f5fd7f2e802554b",
        "type": "github"
      },
      "original": {
        "owner": "tushortz",
        "repo": "vscode-Java-Snippets",
        "type": "github"
      }
    },
    "snippets-shebang": {
      "flake": false,
      "locked": {
        "lastModified": 1594681038,
        "narHash": "sha256-uhNtMPLU0HKy5ci7YlX6KiU9NCQn6lh2Z5Mw6Zf5V+Y=",
        "owner": "Rpinski",
        "repo": "vscode-shebang-snippets",
        "rev": "9aa476b97f24cc5ebc86fa3e62eee0ef08fb6620",
        "type": "github"
      },
      "original": {
        "owner": "Rpinski",
        "repo": "vscode-shebang-snippets",
        "type": "github"
      }
    },
    "st-nix": {
      "inputs": {
        "flake-utils": "flake-utils_5",
        "nixpkgs": "nixpkgs_5"
      },
      "locked": {
        "lastModified": 1649357094,
        "narHash": "sha256-tqDwoJnMypnA6X9rIIcJZA4lLJQXvkj+mkcwbRYi3Bo=",
        "owner": "Quoteme",
        "repo": "st-nix",
        "rev": "0bbaa7c7e8941b74c1c36dde7f52f409bb50d861",
        "type": "github"
      },
      "original": {
        "owner": "Quoteme",
        "repo": "st-nix",
        "type": "github"
      }
    }
  },
  "root": "root",
  "version": 7
}
